
Microsoft Visual Studio Solution File, Format Version 12.00
# Visual Studio Version 17
VisualStudioVersion = 17.0.32014.148
MinimumVisualStudioVersion = 10.0.40219.1
Project("{9A19103F-16F7-4668-BE54-9A1E7A4F7556}") = "TwilightSparkle.PapersPlease.Api", "TwilightSparkle.PapersPlease.Api\TwilightSparkle.PapersPlease.Api.csproj", "{A8592E9C-79DD-49BC-A009-55E581A2F98A}"
EndProject
Project("{FAE04EC0-301F-11D3-BF4B-00C04F79EFBC}") = "TwilightSparkle.ConsoleApp", "TwilightSparkle.ConsoleApp\TwilightSparkle.ConsoleApp.csproj", "{C9DC69E7-C4D5-4670-907F-48A05BA4F1B4}"
EndProject
Global
	GlobalSection(SolutionConfigurationPlatforms) = preSolution
		Debug|Any CPU = Debug|Any CPU
		Release|Any CPU = Release|Any CPU
	EndGlobalSection
	GlobalSection(ProjectConfigurationPlatforms) = postSolution
		{A8592E9C-79DD-49BC-A009-55E581A2F98A}.Debug|Any CPU.ActiveCfg = Debug|Any CPU
		{A8592E9C-79DD-49BC-A009-55E581A2F98A}.Debug|Any CPU.Build.0 = Debug|Any CPU
		{A8592E9C-79DD-49BC-A009-55E581A2F98A}.Release|Any CPU.ActiveCfg = Release|Any CPU
		{A8592E9C-79DD-49BC-A009-55E581A2F98A}.Release|Any CPU.Build.0 = Release|Any CPU
		{C9DC69E7-C4D5-4670-907F-48A05BA4F1B4}.Debug|Any CPU.ActiveCfg = Debug|Any CPU
		{C9DC69E7-C4D5-4670-907F-48A05BA4F1B4}.Debug|Any CPU.Build.0 = Debug|Any CPU
		{C9DC69E7-C4D5-4670-907F-48A05BA4F1B4}.Release|Any CPU.ActiveCfg = Release|Any CPU
		{C9DC69E7-C4D5-4670-907F-48A05BA4F1B4}.Release|Any CPU.Build.0 = Release|Any CPU
	EndGlobalSection
	GlobalSection(SolutionProperties) = preSolution
		HideSolutionNode = FALSE
	EndGlobalSection
	GlobalSection(ExtensibilityGlobals) = postSolution
		SolutionGuid = {4DA39D47-227C-439E-9BC0-E5EF5440AC1D}
	EndGlobalSection
EndGlobal
